
Microsoft Visual Studio Solution File, Format Version 12.00
# Visual Studio 15
VisualStudioVersion = 15.0.27428.2005
MinimumVisualStudioVersion = 10.0.40219.1
Project("{FAE04EC0-301F-11D3-BF4B-00C04F79EFBC}") = "MODBUSRTU_GUI", "MODBUSRTU_GUI\MODBUSRTU_GUI.csproj", "{6676D0E8-8D45-4313-9DC6-BFE3BD27FE6D}"
EndProject
Project("{FAE04EC0-301F-11D3-BF4B-00C04F79EFBC}") = "MODBUSRTU_CLASS", "MODBUSRTU_CLASS\MODBUSRTU_CLASS.csproj", "{01551B8E-A677-41BE-8C0C-5DCBB172ED9C}"
EndProject
Global
	GlobalSection(SolutionConfigurationPlatforms) = preSolution
		Debug|Any CPU = Debug|Any CPU
		Release|Any CPU = Release|Any CPU
	EndGlobalSection
	GlobalSection(ProjectConfigurationPlatforms) = postSolution
		{6676D0E8-8D45-4313-9DC6-BFE3BD27FE6D}.Debug|Any CPU.ActiveCfg = Debug|Any CPU
		{6676D0E8-8D45-4313-9DC6-BFE3BD27FE6D}.Debug|Any CPU.Build.0 = Debug|Any CPU
		{6676D0E8-8D45-4313-9DC6-BFE3BD27FE6D}.Release|Any CPU.ActiveCfg = Release|Any CPU
		{6676D0E8-8D45-4313-9DC6-BFE3BD27FE6D}.Release|Any CPU.Build.0 = Release|Any CPU
		{01551B8E-A677-41BE-8C0C-5DCBB172ED9C}.Debug|Any CPU.ActiveCfg = Debug|Any CPU
		{01551B8E-A677-41BE-8C0C-5DCBB172ED9C}.Debug|Any CPU.Build.0 = Debug|Any CPU
		{01551B8E-A677-41BE-8C0C-5DCBB172ED9C}.Release|Any CPU.ActiveCfg = Release|Any CPU
		{01551B8E-A677-41BE-8C0C-5DCBB172ED9C}.Release|Any CPU.Build.0 = Release|Any CPU
	EndGlobalSection
	GlobalSection(SolutionProperties) = preSolution
		HideSolutionNode = FALSE
	EndGlobalSection
	GlobalSection(ExtensibilityGlobals) = postSolution
		SolutionGuid = {094391E9-3613-492A-95C3-A9EEB90C785D}
	EndGlobalSection
EndGlobal
